
Microsoft Visual Studio Solution File, Format Version 12.00
# Visual Studio 14
VisualStudioVersion = 14.0.24720.0
MinimumVisualStudioVersion = 10.0.40219.1
Project("{FAE04EC0-301F-11D3-BF4B-00C04F79EFBC}") = "WCFTiendaServices", "WCFTiendaServices\WCFTiendaServices.csproj", "{CEE39C0B-E67A-476F-9ECA-2A3D6132AF5F}"
EndProject
Project("{2150E333-8FDC-42A3-9474-1A3956D46DE8}") = "Librerias", "Librerias", "{94422A39-FEF4-4252-B0D6-034E72AA7991}"
	ProjectSection(SolutionItems) = preProject
		Librerias\Iesi.Collections.dll = Librerias\Iesi.Collections.dll
		Librerias\NHibernate.dll = Librerias\NHibernate.dll
	EndProjectSection
EndProject
Project("{FAE04EC0-301F-11D3-BF4B-00C04F79EFBC}") = "Proyecto", "Proyecto\Proyecto.csproj", "{381D98FB-5C2B-474C-99B6-32995D5D0E26}"
EndProject
Global
	GlobalSection(SolutionConfigurationPlatforms) = preSolution
		Debug|Any CPU = Debug|Any CPU
		Release|Any CPU = Release|Any CPU
	EndGlobalSection
	GlobalSection(ProjectConfigurationPlatforms) = postSolution
		{CEE39C0B-E67A-476F-9ECA-2A3D6132AF5F}.Debug|Any CPU.ActiveCfg = Debug|Any CPU
		{CEE39C0B-E67A-476F-9ECA-2A3D6132AF5F}.Debug|Any CPU.Build.0 = Debug|Any CPU
		{CEE39C0B-E67A-476F-9ECA-2A3D6132AF5F}.Release|Any CPU.ActiveCfg = Release|Any CPU
		{CEE39C0B-E67A-476F-9ECA-2A3D6132AF5F}.Release|Any CPU.Build.0 = Release|Any CPU
		{381D98FB-5C2B-474C-99B6-32995D5D0E26}.Debug|Any CPU.ActiveCfg = Debug|Any CPU
		{381D98FB-5C2B-474C-99B6-32995D5D0E26}.Debug|Any CPU.Build.0 = Debug|Any CPU
		{381D98FB-5C2B-474C-99B6-32995D5D0E26}.Release|Any CPU.ActiveCfg = Release|Any CPU
		{381D98FB-5C2B-474C-99B6-32995D5D0E26}.Release|Any CPU.Build.0 = Release|Any CPU
	EndGlobalSection
	GlobalSection(SolutionProperties) = preSolution
		HideSolutionNode = FALSE
	EndGlobalSection
EndGlobal
